
Microsoft Visual Studio Solution File, Format Version 12.00
# Visual Studio Version 16
VisualStudioVersion = 16.6.30114.105
MinimumVisualStudioVersion = 10.0.40219.1
Project("{2150E333-8FDC-42A3-9474-1A3956D46DE8}") = "src", "src", "{A8398E90-11E1-4D43-8F48-54B8C795E5D2}"
EndProject
Project("{FAE04EC0-301F-11D3-BF4B-00C04F79EFBC}") = "Msoop", "src\Msoop\Msoop.csproj", "{47FC06E4-D62D-4909-A5B0-CC3BF1ADCA64}"
EndProject
Project("{2150E333-8FDC-42A3-9474-1A3956D46DE8}") = "tests", "tests", "{FF2946AB-039F-410E-ACBC-D3730741DEEC}"
EndProject
Project("{FAE04EC0-301F-11D3-BF4B-00C04F79EFBC}") = "Msoop.Tests", "tests\Msoop.Tests\Msoop.Tests.csproj", "{E7C5D0C9-A42F-4B4B-BC3C-796692256584}"
EndProject
Global
	GlobalSection(SolutionConfigurationPlatforms) = preSolution
		Debug|Any CPU = Debug|Any CPU
		Debug|x64 = Debug|x64
		Debug|x86 = Debug|x86
		Release|Any CPU = Release|Any CPU
		Release|x64 = Release|x64
		Release|x86 = Release|x86
	EndGlobalSection
	GlobalSection(SolutionProperties) = preSolution
		HideSolutionNode = FALSE
	EndGlobalSection
	GlobalSection(ProjectConfigurationPlatforms) = postSolution
		{47FC06E4-D62D-4909-A5B0-CC3BF1ADCA64}.Debug|Any CPU.ActiveCfg = Debug|Any CPU
		{47FC06E4-D62D-4909-A5B0-CC3BF1ADCA64}.Debug|Any CPU.Build.0 = Debug|Any CPU
		{47FC06E4-D62D-4909-A5B0-CC3BF1ADCA64}.Debug|x64.ActiveCfg = Debug|Any CPU
		{47FC06E4-D62D-4909-A5B0-CC3BF1ADCA64}.Debug|x64.Build.0 = Debug|Any CPU
		{47FC06E4-D62D-4909-A5B0-CC3BF1ADCA64}.Debug|x86.ActiveCfg = Debug|Any CPU
		{47FC06E4-D62D-4909-A5B0-CC3BF1ADCA64}.Debug|x86.Build.0 = Debug|Any CPU
		{47FC06E4-D62D-4909-A5B0-CC3BF1ADCA64}.Release|Any CPU.ActiveCfg = Release|Any CPU
		{47FC06E4-D62D-4909-A5B0-CC3BF1ADCA64}.Release|Any CPU.Build.0 = Release|Any CPU
		{47FC06E4-D62D-4909-A5B0-CC3BF1ADCA64}.Release|x64.ActiveCfg = Release|Any CPU
		{47FC06E4-D62D-4909-A5B0-CC3BF1ADCA64}.Release|x64.Build.0 = Release|Any CPU
		{47FC06E4-D62D-4909-A5B0-CC3BF1ADCA64}.Release|x86.ActiveCfg = Release|Any CPU
		{47FC06E4-D62D-4909-A5B0-CC3BF1ADCA64}.Release|x86.Build.0 = Release|Any CPU
		{E7C5D0C9-A42F-4B4B-BC3C-796692256584}.Debug|Any CPU.ActiveCfg = Debug|Any CPU
		{E7C5D0C9-A42F-4B4B-BC3C-796692256584}.Debug|Any CPU.Build.0 = Debug|Any CPU
		{E7C5D0C9-A42F-4B4B-BC3C-796692256584}.Debug|x64.ActiveCfg = Debug|Any CPU
		{E7C5D0C9-A42F-4B4B-BC3C-796692256584}.Debug|x64.Build.0 = Debug|Any CPU
		{E7C5D0C9-A42F-4B4B-BC3C-796692256584}.Debug|x86.ActiveCfg = Debug|Any CPU
		{E7C5D0C9-A42F-4B4B-BC3C-796692256584}.Debug|x86.Build.0 = Debug|Any CPU
		{E7C5D0C9-A42F-4B4B-BC3C-796692256584}.Release|Any CPU.ActiveCfg = Release|Any CPU
		{E7C5D0C9-A42F-4B4B-BC3C-796692256584}.Release|Any CPU.Build.0 = Release|Any CPU
		{E7C5D0C9-A42F-4B4B-BC3C-796692256584}.Release|x64.ActiveCfg = Release|Any CPU
		{E7C5D0C9-A42F-4B4B-BC3C-796692256584}.Release|x64.Build.0 = Release|Any CPU
		{E7C5D0C9-A42F-4B4B-BC3C-796692256584}.Release|x86.ActiveCfg = Release|Any CPU
		{E7C5D0C9-A42F-4B4B-BC3C-796692256584}.Release|x86.Build.0 = Release|Any CPU
	EndGlobalSection
	GlobalSection(NestedProjects) = preSolution
		{47FC06E4-D62D-4909-A5B0-CC3BF1ADCA64} = {A8398E90-11E1-4D43-8F48-54B8C795E5D2}
		{E7C5D0C9-A42F-4B4B-BC3C-796692256584} = {FF2946AB-039F-410E-ACBC-D3730741DEEC}
	EndGlobalSection
EndGlobal
